
Microsoft Visual Studio Solution File, Format Version 11.00
# Visual Studio 2010
Project("{FAE04EC0-301F-11D3-BF4B-00C04F79EFBC}") = "Assembly-CSharp", "Assembly-CSharp.csproj", "{FBF42992-1E02-4561-036E-6C7BD3667B37}"
EndProject
Project("{FAE04EC0-301F-11D3-BF4B-00C04F79EFBC}") = "Assembly-CSharp-firstpass", "Assembly-CSharp-firstpass.csproj", "{9DAB4559-7AC9-93B5-BCE8-6DC6450991DA}"
EndProject
Project("{FAE04EC0-301F-11D3-BF4B-00C04F79EFBC}") = "Assembly-CSharp-Editor-firstpass", "Assembly-CSharp-Editor-firstpass.csproj", "{607D3535-E2F4-673D-C922-2A153348DF56}"
EndProject
Project("{FAE04EC0-301F-11D3-BF4B-00C04F79EFBC}") = "Assembly-CSharp-Editor", "Assembly-CSharp-Editor.csproj", "{3F28D965-864A-74E1-561F-83B305D4DA8B}"
EndProject
Global
	GlobalSection(SolutionConfigurationPlatforms) = preSolution
		Debug|Any CPU = Debug|Any CPU
		Release|Any CPU = Release|Any CPU
	EndGlobalSection
	GlobalSection(ProjectConfigurationPlatforms) = postSolution
		{FBF42992-1E02-4561-036E-6C7BD3667B37}.Debug|Any CPU.ActiveCfg = Debug|Any CPU
		{FBF42992-1E02-4561-036E-6C7BD3667B37}.Debug|Any CPU.Build.0 = Debug|Any CPU
		{FBF42992-1E02-4561-036E-6C7BD3667B37}.Release|Any CPU.ActiveCfg = Release|Any CPU
		{FBF42992-1E02-4561-036E-6C7BD3667B37}.Release|Any CPU.Build.0 = Release|Any CPU
		{9DAB4559-7AC9-93B5-BCE8-6DC6450991DA}.Debug|Any CPU.ActiveCfg = Debug|Any CPU
		{9DAB4559-7AC9-93B5-BCE8-6DC6450991DA}.Debug|Any CPU.Build.0 = Debug|Any CPU
		{9DAB4559-7AC9-93B5-BCE8-6DC6450991DA}.Release|Any CPU.ActiveCfg = Release|Any CPU
		{9DAB4559-7AC9-93B5-BCE8-6DC6450991DA}.Release|Any CPU.Build.0 = Release|Any CPU
		{607D3535-E2F4-673D-C922-2A153348DF56}.Debug|Any CPU.ActiveCfg = Debug|Any CPU
		{607D3535-E2F4-673D-C922-2A153348DF56}.Debug|Any CPU.Build.0 = Debug|Any CPU
		{607D3535-E2F4-673D-C922-2A153348DF56}.Release|Any CPU.ActiveCfg = Release|Any CPU
		{607D3535-E2F4-673D-C922-2A153348DF56}.Release|Any CPU.Build.0 = Release|Any CPU
		{3F28D965-864A-74E1-561F-83B305D4DA8B}.Debug|Any CPU.ActiveCfg = Debug|Any CPU
		{3F28D965-864A-74E1-561F-83B305D4DA8B}.Debug|Any CPU.Build.0 = Debug|Any CPU
		{3F28D965-864A-74E1-561F-83B305D4DA8B}.Release|Any CPU.ActiveCfg = Release|Any CPU
		{3F28D965-864A-74E1-561F-83B305D4DA8B}.Release|Any CPU.Build.0 = Release|Any CPU
	EndGlobalSection
	GlobalSection(SolutionProperties) = preSolution
		HideSolutionNode = FALSE
	EndGlobalSection
	GlobalSection(MonoDevelopProperties) = preSolution
		StartupItem = Assembly-CSharp.csproj
	EndGlobalSection
EndGlobal
